<?xml version="1.0" encoding="utf-8"?>
<Project ToolsVersion="4.0" xmlns="http://schemas.microsoft.com/developer/msbuild/2003">
  <ItemGroup>
    <CudaCompile Include="kernel.cu" />
  </ItemGroup>
  <ItemGroup>
    <ClCompile Include="GLSLShader.cpp" />
    <ClCompile Include="main.cpp" />
  </ItemGroup>
  <ItemGroup>
    <ClInclude Include="stb_image.h">
      <Filter>rendertool</Filter>
    </ClInclude>
    <ClInclude Include="GLSLShader.h">
      <Filter>rendertool</Filter>
    </ClInclude>
    <ClInclude Include="timer.h" />
    <ClInclude Include="sphere.h">
      <Filter>rendertool</Filter>
    </ClInclude>
    <ClInclude Include="PCISPH.h">
      <Filter>particleSystem</Filter>
    </ClInclude>
  </ItemGroup>
  <ItemGroup>
    <Filter Include="rendertool">
      <UniqueIdentifier>{418e9192-bbee-4992-abbd-ca81c0d64fe6}</UniqueIdentifier>
    </Filter>
    <Filter Include="particleSystem">
      <UniqueIdentifier>{720dd1dd-e145-4aa9-9455-ca17c167a42f}</UniqueIdentifier>
    </Filter>
  </ItemGroup>
</Project>